
Microsoft Visual Studio Solution File, Format Version 12.00
# Visual Studio Version 16
VisualStudioVersion = 16.0.31424.327
MinimumVisualStudioVersion = 10.0.40219.1
Project("{9A19103F-16F7-4668-BE54-9A1E7A4F7556}") = "Array.diff", "Array.diff\Array.diff.csproj", "{CEEAAD6E-EE03-47DA-A3EE-63D80BD087E1}"
EndProject
Project("{9A19103F-16F7-4668-BE54-9A1E7A4F7556}") = "Array.diffTests", "Array.diffTests\Array.diffTests.csproj", "{C8A59B65-ED4C-473C-8036-F790AAEB4B96}"
EndProject
Project("{9A19103F-16F7-4668-BE54-9A1E7A4F7556}") = "Sudoku", "Sudoku\Sudoku.csproj", "{7AF1D621-3E2D-43B6-8FEA-02A02B6C54EF}"
EndProject
Project("{9A19103F-16F7-4668-BE54-9A1E7A4F7556}") = "Factorials", "Factorials\Factorials.csproj", "{8ED87540-4A23-440B-B6CC-63C05A168AAE}"
EndProject
Project("{FAE04EC0-301F-11D3-BF4B-00C04F79EFBC}") = "PINCodeCombinations", "PINCodeCombinations\PINCodeCombinations.csproj", "{AFB333BB-9C14-48AD-B1A7-0FEAFBB4858E}"
EndProject
Global
	GlobalSection(SolutionConfigurationPlatforms) = preSolution
		Debug|Any CPU = Debug|Any CPU
		Release|Any CPU = Release|Any CPU
	EndGlobalSection
	GlobalSection(ProjectConfigurationPlatforms) = postSolution
		{CEEAAD6E-EE03-47DA-A3EE-63D80BD087E1}.Debug|Any CPU.ActiveCfg = Debug|Any CPU
		{CEEAAD6E-EE03-47DA-A3EE-63D80BD087E1}.Debug|Any CPU.Build.0 = Debug|Any CPU
		{CEEAAD6E-EE03-47DA-A3EE-63D80BD087E1}.Release|Any CPU.ActiveCfg = Release|Any CPU
		{CEEAAD6E-EE03-47DA-A3EE-63D80BD087E1}.Release|Any CPU.Build.0 = Release|Any CPU
		{C8A59B65-ED4C-473C-8036-F790AAEB4B96}.Debug|Any CPU.ActiveCfg = Debug|Any CPU
		{C8A59B65-ED4C-473C-8036-F790AAEB4B96}.Debug|Any CPU.Build.0 = Debug|Any CPU
		{C8A59B65-ED4C-473C-8036-F790AAEB4B96}.Release|Any CPU.ActiveCfg = Release|Any CPU
		{C8A59B65-ED4C-473C-8036-F790AAEB4B96}.Release|Any CPU.Build.0 = Release|Any CPU
		{7AF1D621-3E2D-43B6-8FEA-02A02B6C54EF}.Debug|Any CPU.ActiveCfg = Debug|Any CPU
		{7AF1D621-3E2D-43B6-8FEA-02A02B6C54EF}.Debug|Any CPU.Build.0 = Debug|Any CPU
		{7AF1D621-3E2D-43B6-8FEA-02A02B6C54EF}.Release|Any CPU.ActiveCfg = Release|Any CPU
		{7AF1D621-3E2D-43B6-8FEA-02A02B6C54EF}.Release|Any CPU.Build.0 = Release|Any CPU
		{8ED87540-4A23-440B-B6CC-63C05A168AAE}.Debug|Any CPU.ActiveCfg = Debug|Any CPU
		{8ED87540-4A23-440B-B6CC-63C05A168AAE}.Debug|Any CPU.Build.0 = Debug|Any CPU
		{8ED87540-4A23-440B-B6CC-63C05A168AAE}.Release|Any CPU.ActiveCfg = Release|Any CPU
		{8ED87540-4A23-440B-B6CC-63C05A168AAE}.Release|Any CPU.Build.0 = Release|Any CPU
		{AFB333BB-9C14-48AD-B1A7-0FEAFBB4858E}.Debug|Any CPU.ActiveCfg = Debug|Any CPU
		{AFB333BB-9C14-48AD-B1A7-0FEAFBB4858E}.Debug|Any CPU.Build.0 = Debug|Any CPU
		{AFB333BB-9C14-48AD-B1A7-0FEAFBB4858E}.Release|Any CPU.ActiveCfg = Release|Any CPU
		{AFB333BB-9C14-48AD-B1A7-0FEAFBB4858E}.Release|Any CPU.Build.0 = Release|Any CPU
	EndGlobalSection
	GlobalSection(SolutionProperties) = preSolution
		HideSolutionNode = FALSE
	EndGlobalSection
	GlobalSection(ExtensibilityGlobals) = postSolution
		SolutionGuid = {D0EE173B-B67F-4B51-A1C7-B4686F5CAD36}
	EndGlobalSection
EndGlobal
